schema: '2.0'
stages:
  make_manifest@en:
    cmd: pixi run python scripts/make_manifest.py --wav-dir data/raw/en/wav 
      --transcripts data/raw/en/transcripts.tsv --lang en --output 
      data/manifests/en/clean.jsonl
    deps:
    - path: data/raw/en/transcripts.tsv
      hash: md5
      md5: aef98803c4550ef730fbf90d1b23086c
      size: 19070
    - path: data/raw/en/wav
      hash: md5
      md5: 0d9dae426973b0ff8abe5278fa33bd6f.dir
      size: 52801656
      nfiles: 100
    - path: scripts/make_manifest.py
      hash: md5
      md5: a30d607bfdf52d25af5ed12278ff9f19
      size: 3562
    params:
      params.yaml:
        langs:
        - en
    outs:
    - path: data/manifests/en/clean.jsonl
      hash: md5
      md5: 95ed7511b15592be70f31a8cd3a216c5
      size: 60879
  add_noise@en--5:
    cmd: pixi run python scripts/add_noise.py --clean-manifest 
      data/manifests/en/clean.jsonl --lang en --snr-db -5 --output-dir 
      data/noisy/en/-5db --output-manifest data/manifests/en/noisy_-5db.jsonl
    deps:
    - path: data/manifests/en/clean.jsonl
      hash: md5
      md5: 95ed7511b15592be70f31a8cd3a216c5
      size: 60879
    - path: scripts/add_noise.py
      hash: md5
      md5: fdd25d6bd41ac3d462cf5403d90ee70e
      size: 3146
    params:
      params.yaml:
        langs:
        - en
        snr_levels:
        - -5
        - 0
        - 5
        - 10
        - 15
        - 20
        - 25
        - 30
        - 35
        - 40
    outs:
    - path: data/manifests/en/noisy_-5db.jsonl
      hash: md5
      md5: 862c928cdfd1e304d224eb97413ea312
      size: 61155
    - path: data/noisy/en/-5db
      hash: md5
      md5: b5a4fe06b459836814f4271a8918b713.dir
      size: 49553872
      nfiles: 92
  add_noise@en-0:
    cmd: pixi run python scripts/add_noise.py --clean-manifest 
      data/manifests/en/clean.jsonl --lang en --snr-db 0 --output-dir 
      data/noisy/en/0db --output-manifest data/manifests/en/noisy_0db.jsonl
    deps:
    - path: data/manifests/en/clean.jsonl
      hash: md5
      md5: 95ed7511b15592be70f31a8cd3a216c5
      size: 60879
    - path: scripts/add_noise.py
      hash: md5
      md5: fdd25d6bd41ac3d462cf5403d90ee70e
      size: 3146
    params:
      params.yaml:
        langs:
        - en
        snr_levels:
        - -5
        - 0
        - 5
        - 10
        - 15
        - 20
        - 25
        - 30
        - 35
        - 40
    outs:
    - path: data/manifests/en/noisy_0db.jsonl
      hash: md5
      md5: d5089e236f1fc1fb79363cff8924e2e8
      size: 60971
    - path: data/noisy/en/0db
      hash: md5
      md5: 54e9b3bd82412ff25aab9607d03088a5.dir
      size: 49553872
      nfiles: 92
  add_noise@en-5:
    cmd: pixi run python scripts/add_noise.py --clean-manifest 
      data/manifests/en/clean.jsonl --lang en --snr-db 5 --output-dir 
      data/noisy/en/5db --output-manifest data/manifests/en/noisy_5db.jsonl
    deps:
    - path: data/manifests/en/clean.jsonl
      hash: md5
      md5: 95ed7511b15592be70f31a8cd3a216c5
      size: 60879
    - path: scripts/add_noise.py
      hash: md5
      md5: fdd25d6bd41ac3d462cf5403d90ee70e
      size: 3146
    params:
      params.yaml:
        langs:
        - en
        snr_levels:
        - -5
        - 0
        - 5
        - 10
        - 15
        - 20
        - 25
        - 30
        - 35
        - 40
    outs:
    - path: data/manifests/en/noisy_5db.jsonl
      hash: md5
      md5: 9edeb8b714989846927fd943cdb4ee7d
      size: 60971
    - path: data/noisy/en/5db
      hash: md5
      md5: fe7cb8add998e09df5eb2eeac385bafe.dir
      size: 49553872
      nfiles: 92
  add_noise@en-10:
    cmd: pixi run python scripts/add_noise.py --clean-manifest 
      data/manifests/en/clean.jsonl --lang en --snr-db 10 --output-dir 
      data/noisy/en/10db --output-manifest data/manifests/en/noisy_10db.jsonl
    deps:
    - path: data/manifests/en/clean.jsonl
      hash: md5
      md5: 95ed7511b15592be70f31a8cd3a216c5
      size: 60879
    - path: scripts/add_noise.py
      hash: md5
      md5: fdd25d6bd41ac3d462cf5403d90ee70e
      size: 3146
    params:
      params.yaml:
        langs:
        - en
        snr_levels:
        - -5
        - 0
        - 5
        - 10
        - 15
        - 20
        - 25
        - 30
        - 35
        - 40
    outs:
    - path: data/manifests/en/noisy_10db.jsonl
      hash: md5
      md5: d9c4ac94f339730b483f536efb43e8f5
      size: 61155
    - path: data/noisy/en/10db
      hash: md5
      md5: bbd5b4c77ecad38636a95831b328d3e4.dir
      size: 49553872
      nfiles: 92
  add_noise@en-15:
    cmd: pixi run python scripts/add_noise.py --clean-manifest 
      data/manifests/en/clean.jsonl --lang en --snr-db 15 --output-dir 
      data/noisy/en/15db --output-manifest data/manifests/en/noisy_15db.jsonl
    deps:
    - path: data/manifests/en/clean.jsonl
      hash: md5
      md5: 95ed7511b15592be70f31a8cd3a216c5
      size: 60879
    - path: scripts/add_noise.py
      hash: md5
      md5: fdd25d6bd41ac3d462cf5403d90ee70e
      size: 3146
    params:
      params.yaml:
        langs:
        - en
        snr_levels:
        - -5
        - 0
        - 5
        - 10
        - 15
        - 20
        - 25
        - 30
        - 35
        - 40
    outs:
    - path: data/manifests/en/noisy_15db.jsonl
      hash: md5
      md5: 96e2f299d5f819aa30043b5cab5f8aaf
      size: 61155
    - path: data/noisy/en/15db
      hash: md5
      md5: 31ac1414cb2546a0c8c78fb6fab4a21f.dir
      size: 49553872
      nfiles: 92
  add_noise@en-20:
    cmd: pixi run python scripts/add_noise.py --clean-manifest 
      data/manifests/en/clean.jsonl --lang en --snr-db 20 --output-dir 
      data/noisy/en/20db --output-manifest data/manifests/en/noisy_20db.jsonl
    deps:
    - path: data/manifests/en/clean.jsonl
      hash: md5
      md5: 95ed7511b15592be70f31a8cd3a216c5
      size: 60879
    - path: scripts/add_noise.py
      hash: md5
      md5: fdd25d6bd41ac3d462cf5403d90ee70e
      size: 3146
    params:
      params.yaml:
        langs:
        - en
        snr_levels:
        - -5
        - 0
        - 5
        - 10
        - 15
        - 20
        - 25
        - 30
        - 35
        - 40
    outs:
    - path: data/manifests/en/noisy_20db.jsonl
      hash: md5
      md5: ded164a11cb14035e5389d5095adf0b3
      size: 61155
    - path: data/noisy/en/20db
      hash: md5
      md5: 2ef5ede75e0a1a422ccc52e942689d38.dir
      size: 49553872
      nfiles: 92
  add_noise@en-25:
    cmd: pixi run python scripts/add_noise.py --clean-manifest 
      data/manifests/en/clean.jsonl --lang en --snr-db 25 --output-dir 
      data/noisy/en/25db --output-manifest data/manifests/en/noisy_25db.jsonl
    deps:
    - path: data/manifests/en/clean.jsonl
      hash: md5
      md5: 95ed7511b15592be70f31a8cd3a216c5
      size: 60879
    - path: scripts/add_noise.py
      hash: md5
      md5: fdd25d6bd41ac3d462cf5403d90ee70e
      size: 3146
    params:
      params.yaml:
        langs:
        - en
        snr_levels:
        - -5
        - 0
        - 5
        - 10
        - 15
        - 20
        - 25
        - 30
        - 35
        - 40
    outs:
    - path: data/manifests/en/noisy_25db.jsonl
      hash: md5
      md5: 3b7d9b7eb303e3ce8219b4d40fa42c64
      size: 61155
    - path: data/noisy/en/25db
      hash: md5
      md5: 6171bc012362b51899dbca69d0cc5a41.dir
      size: 49553872
      nfiles: 92
  add_noise@en-30:
    cmd: pixi run python scripts/add_noise.py --clean-manifest 
      data/manifests/en/clean.jsonl --lang en --snr-db 30 --output-dir 
      data/noisy/en/30db --output-manifest data/manifests/en/noisy_30db.jsonl
    deps:
    - path: data/manifests/en/clean.jsonl
      hash: md5
      md5: 95ed7511b15592be70f31a8cd3a216c5
      size: 60879
    - path: scripts/add_noise.py
      hash: md5
      md5: fdd25d6bd41ac3d462cf5403d90ee70e
      size: 3146
    params:
      params.yaml:
        langs:
        - en
        snr_levels:
        - -5
        - 0
        - 5
        - 10
        - 15
        - 20
        - 25
        - 30
        - 35
        - 40
    outs:
    - path: data/manifests/en/noisy_30db.jsonl
      hash: md5
      md5: f9a37616d94287747e38e38967608d8f
      size: 61155
    - path: data/noisy/en/30db
      hash: md5
      md5: c3a90d9499cf972e857f72192b9e5090.dir
      size: 49553872
      nfiles: 92
  add_noise@en-35:
    cmd: pixi run python scripts/add_noise.py --clean-manifest 
      data/manifests/en/clean.jsonl --lang en --snr-db 35 --output-dir 
      data/noisy/en/35db --output-manifest data/manifests/en/noisy_35db.jsonl
    deps:
    - path: data/manifests/en/clean.jsonl
      hash: md5
      md5: 95ed7511b15592be70f31a8cd3a216c5
      size: 60879
    - path: scripts/add_noise.py
      hash: md5
      md5: fdd25d6bd41ac3d462cf5403d90ee70e
      size: 3146
    params:
      params.yaml:
        langs:
        - en
        snr_levels:
        - -5
        - 0
        - 5
        - 10
        - 15
        - 20
        - 25
        - 30
        - 35
        - 40
    outs:
    - path: data/manifests/en/noisy_35db.jsonl
      hash: md5
      md5: 9fef20fe704a1af32ae8656783339b25
      size: 61155
    - path: data/noisy/en/35db
      hash: md5
      md5: 80acefb2f73651051511cfcf60937629.dir
      size: 49553872
      nfiles: 92
  add_noise@en-40:
    cmd: pixi run python scripts/add_noise.py --clean-manifest 
      data/manifests/en/clean.jsonl --lang en --snr-db 40 --output-dir 
      data/noisy/en/40db --output-manifest data/manifests/en/noisy_40db.jsonl
    deps:
    - path: data/manifests/en/clean.jsonl
      hash: md5
      md5: 95ed7511b15592be70f31a8cd3a216c5
      size: 60879
    - path: scripts/add_noise.py
      hash: md5
      md5: fdd25d6bd41ac3d462cf5403d90ee70e
      size: 3146
    params:
      params.yaml:
        langs:
        - en
        snr_levels:
        - -5
        - 0
        - 5
        - 10
        - 15
        - 20
        - 25
        - 30
        - 35
        - 40
    outs:
    - path: data/manifests/en/noisy_40db.jsonl
      hash: md5
      md5: 09a249f135759527b0a78b11fc1a737a
      size: 61155
    - path: data/noisy/en/40db
      hash: md5
      md5: 55f884a7f604efbf5b09d179846a6ffd.dir
      size: 49553872
      nfiles: 92
  run_asr@en--5:
    cmd: pixi run python scripts/run_asr.py --input-manifest 
      data/manifests/en/noisy_-5db.jsonl --output-manifest 
      data/preds/en/preds_-5db.jsonl
    deps:
    - path: data/manifests/en/noisy_-5db.jsonl
      hash: md5
      md5: 862c928cdfd1e304d224eb97413ea312
      size: 61155
    - path: scripts/run_asr.py
      hash: md5
      md5: f81f7eff21de3291896916174da72d09
      size: 3705
    params:
      params.yaml:
        langs:
        - en
        snr_levels:
        - -5
        - 0
        - 5
        - 10
        - 15
        - 20
        - 25
        - 30
        - 35
        - 40
    outs:
    - path: data/preds/en/preds_-5db.jsonl
      hash: md5
      md5: a070d4dfeb9753097677226f582ebc8c
      size: 66709
  run_asr@en-0:
    cmd: pixi run python scripts/run_asr.py --input-manifest 
      data/manifests/en/noisy_0db.jsonl --output-manifest 
      data/preds/en/preds_0db.jsonl
    deps:
    - path: data/manifests/en/noisy_0db.jsonl
      hash: md5
      md5: d5089e236f1fc1fb79363cff8924e2e8
      size: 60971
    - path: scripts/run_asr.py
      hash: md5
      md5: f81f7eff21de3291896916174da72d09
      size: 3705
    params:
      params.yaml:
        langs:
        - en
        snr_levels:
        - -5
        - 0
        - 5
        - 10
        - 15
        - 20
        - 25
        - 30
        - 35
        - 40
    outs:
    - path: data/preds/en/preds_0db.jsonl
      hash: md5
      md5: 8c68f277d81b38098b99d40167ace4ba
      size: 72060
  run_asr@en-5:
    cmd: pixi run python scripts/run_asr.py --input-manifest 
      data/manifests/en/noisy_5db.jsonl --output-manifest 
      data/preds/en/preds_5db.jsonl
    deps:
    - path: data/manifests/en/noisy_5db.jsonl
      hash: md5
      md5: 9edeb8b714989846927fd943cdb4ee7d
      size: 60971
    - path: scripts/run_asr.py
      hash: md5
      md5: f81f7eff21de3291896916174da72d09
      size: 3705
    params:
      params.yaml:
        langs:
        - en
        snr_levels:
        - -5
        - 0
        - 5
        - 10
        - 15
        - 20
        - 25
        - 30
        - 35
        - 40
    outs:
    - path: data/preds/en/preds_5db.jsonl
      hash: md5
      md5: 6acafecc292c5d1b99280662155df9f9
      size: 75833
  run_asr@en-10:
    cmd: pixi run python scripts/run_asr.py --input-manifest 
      data/manifests/en/noisy_10db.jsonl --output-manifest 
      data/preds/en/preds_10db.jsonl
    deps:
    - path: data/manifests/en/noisy_10db.jsonl
      hash: md5
      md5: d9c4ac94f339730b483f536efb43e8f5
      size: 61155
    - path: scripts/run_asr.py
      hash: md5
      md5: f81f7eff21de3291896916174da72d09
      size: 3705
    params:
      params.yaml:
        langs:
        - en
        snr_levels:
        - -5
        - 0
        - 5
        - 10
        - 15
        - 20
        - 25
        - 30
        - 35
        - 40
    outs:
    - path: data/preds/en/preds_10db.jsonl
      hash: md5
      md5: f84ef72c1e3cb54ae9cbfc36e58682aa
      size: 79408
  run_asr@en-15:
    cmd: pixi run python scripts/run_asr.py --input-manifest 
      data/manifests/en/noisy_15db.jsonl --output-manifest 
      data/preds/en/preds_15db.jsonl
    deps:
    - path: data/manifests/en/noisy_15db.jsonl
      hash: md5
      md5: 96e2f299d5f819aa30043b5cab5f8aaf
      size: 61155
    - path: scripts/run_asr.py
      hash: md5
      md5: f81f7eff21de3291896916174da72d09
      size: 3705
    params:
      params.yaml:
        langs:
        - en
        snr_levels:
        - -5
        - 0
        - 5
        - 10
        - 15
        - 20
        - 25
        - 30
        - 35
        - 40
    outs:
    - path: data/preds/en/preds_15db.jsonl
      hash: md5
      md5: e2fa427c1cfbe49f4436d7bfdc3d2d39
      size: 83128
  run_asr@en-20:
    cmd: pixi run python scripts/run_asr.py --input-manifest 
      data/manifests/en/noisy_20db.jsonl --output-manifest 
      data/preds/en/preds_20db.jsonl
    deps:
    - path: data/manifests/en/noisy_20db.jsonl
      hash: md5
      md5: ded164a11cb14035e5389d5095adf0b3
      size: 61155
    - path: scripts/run_asr.py
      hash: md5
      md5: f81f7eff21de3291896916174da72d09
      size: 3705
    params:
      params.yaml:
        langs:
        - en
        snr_levels:
        - -5
        - 0
        - 5
        - 10
        - 15
        - 20
        - 25
        - 30
        - 35
        - 40
    outs:
    - path: data/preds/en/preds_20db.jsonl
      hash: md5
      md5: 9fa54b30de527ab1f5020fb93013d4e0
      size: 85755
  run_asr@en-25:
    cmd: pixi run python scripts/run_asr.py --input-manifest 
      data/manifests/en/noisy_25db.jsonl --output-manifest 
      data/preds/en/preds_25db.jsonl
    deps:
    - path: data/manifests/en/noisy_25db.jsonl
      hash: md5
      md5: 3b7d9b7eb303e3ce8219b4d40fa42c64
      size: 61155
    - path: scripts/run_asr.py
      hash: md5
      md5: f81f7eff21de3291896916174da72d09
      size: 3705
    params:
      params.yaml:
        langs:
        - en
        snr_levels:
        - -5
        - 0
        - 5
        - 10
        - 15
        - 20
        - 25
        - 30
        - 35
        - 40
    outs:
    - path: data/preds/en/preds_25db.jsonl
      hash: md5
      md5: 69c5e303a5d34a4c406abad0be5f3586
      size: 87000
  run_asr@en-30:
    cmd: pixi run python scripts/run_asr.py --input-manifest 
      data/manifests/en/noisy_30db.jsonl --output-manifest 
      data/preds/en/preds_30db.jsonl
    deps:
    - path: data/manifests/en/noisy_30db.jsonl
      hash: md5
      md5: f9a37616d94287747e38e38967608d8f
      size: 61155
    - path: scripts/run_asr.py
      hash: md5
      md5: f81f7eff21de3291896916174da72d09
      size: 3705
    params:
      params.yaml:
        langs:
        - en
        snr_levels:
        - -5
        - 0
        - 5
        - 10
        - 15
        - 20
        - 25
        - 30
        - 35
        - 40
    outs:
    - path: data/preds/en/preds_30db.jsonl
      hash: md5
      md5: 49ee8deb4e8e2d62e300197437442df4
      size: 87580
  run_asr@en-35:
    cmd: pixi run python scripts/run_asr.py --input-manifest 
      data/manifests/en/noisy_35db.jsonl --output-manifest 
      data/preds/en/preds_35db.jsonl
    deps:
    - path: data/manifests/en/noisy_35db.jsonl
      hash: md5
      md5: 9fef20fe704a1af32ae8656783339b25
      size: 61155
    - path: scripts/run_asr.py
      hash: md5
      md5: f81f7eff21de3291896916174da72d09
      size: 3705
    params:
      params.yaml:
        langs:
        - en
        snr_levels:
        - -5
        - 0
        - 5
        - 10
        - 15
        - 20
        - 25
        - 30
        - 35
        - 40
    outs:
    - path: data/preds/en/preds_35db.jsonl
      hash: md5
      md5: 08423b85addf6b10751314302ab5ef0e
      size: 87724
  run_asr@en-40:
    cmd: pixi run python scripts/run_asr.py --input-manifest 
      data/manifests/en/noisy_40db.jsonl --output-manifest 
      data/preds/en/preds_40db.jsonl
    deps:
    - path: data/manifests/en/noisy_40db.jsonl
      hash: md5
      md5: 09a249f135759527b0a78b11fc1a737a
      size: 61155
    - path: scripts/run_asr.py
      hash: md5
      md5: f81f7eff21de3291896916174da72d09
      size: 3705
    params:
      params.yaml:
        langs:
        - en
        snr_levels:
        - -5
        - 0
        - 5
        - 10
        - 15
        - 20
        - 25
        - 30
        - 35
        - 40
    outs:
    - path: data/preds/en/preds_40db.jsonl
      hash: md5
      md5: bf33bcc59e7a0ac029f6dfa13b1ba2f7
      size: 87774
